
Microsoft Visual Studio Solution File, Format Version 12.00
# Visual Studio Version 17
VisualStudioVersion = 17.0.31813.321
MinimumVisualStudioVersion = 10.0.40219.1
Project("{9A19103F-16F7-4668-BE54-9A1E7A4F7556}") = "AnywhereUI", "src\AnywhereUI\AnywhereUI.csproj", "{752F4208-8318-4C57-9868-9921FF743AA9}"
EndProject
Project("{9A19103F-16F7-4668-BE54-9A1E7A4F7556}") = "AnywhereUI.CommandLineSourceGenerator", "src\AnywhereUI.CommandLineSourceGenerator\AnywhereUI.CommandLineSourceGenerator.csproj", "{740943F5-2E99-4ED4-9022-BC14F480C3F8}"
EndProject
Project("{2150E333-8FDC-42A3-9474-1A3956D46DE8}") = "samples", "samples", "{9B71283D-A4A6-480E-9A9B-AD446F08CCC5}"
EndProject
Project("{9A19103F-16F7-4668-BE54-9A1E7A4F7556}") = "AnywhereUI.Analyzers", "src\AnywhereUI.Analyzers\AnywhereUI.Analyzers.csproj", "{26E564DA-4315-44EF-B287-A9B3BC87BF1C}"
EndProject
Project("{2150E333-8FDC-42A3-9474-1A3956D46DE8}") = "controls", "controls", "{9FA8F699-79F5-48DB-A2D9-717CE875C5F0}"
EndProject
Project("{9A19103F-16F7-4668-BE54-9A1E7A4F7556}") = "Microcharts", "samples\controls\Microcharts\Microcharts.csproj", "{BF454D87-C790-4E9E-8E32-772DF3CA65BF}"
EndProject
Project("{2150E333-8FDC-42A3-9474-1A3956D46DE8}") = "host-apps", "host-apps", "{63D6491B-37EA-4F36-8B9D-2AD526F74BB8}"
EndProject
Project("{9A19103F-16F7-4668-BE54-9A1E7A4F7556}") = "WpfSamplesHost", "samples\host-apps\WpfSamplesHost\WpfSamplesHost.csproj", "{8E651CB1-4524-4A5B-A47C-C1A51C73C775}"
EndProject
Project("{9A19103F-16F7-4668-BE54-9A1E7A4F7556}") = "MauiSamplesHost", "samples\host-apps\MauiSamplesHost\MauiSamplesHost.csproj", "{5890241C-A3EF-4CEE-BA67-BA4EFD57E80C}"
EndProject
Project("{9A19103F-16F7-4668-BE54-9A1E7A4F7556}") = "SimpleControls", "samples\controls\SimpleControls\SimpleControls.csproj", "{CFF4EEBA-0EA7-49D1-B4F2-17DF640F2174}"
EndProject
Project("{2150E333-8FDC-42A3-9474-1A3956D46DE8}") = "Solution Items", "Solution Items", "{1D9AD821-E4C9-44C5-9807-DC296C17A38B}"
	ProjectSection(SolutionItems) = preProject
		.editorconfig = .editorconfig
		.gitignore = .gitignore
	EndProjectSection
EndProject
Project("{2150E333-8FDC-42A3-9474-1A3956D46DE8}") = "skia", "skia", "{705D949C-2C10-46AD-9007-37E62BC8FA7A}"
EndProject
Project("{9A19103F-16F7-4668-BE54-9A1E7A4F7556}") = "AnywhereUI.SkiaVisualFramework", "src\skia\AnywhereUI.SkiaVisualFramework\AnywhereUI.SkiaVisualFramework.csproj", "{66AC78D8-0A73-41FC-925C-E2840EA2639F}"
EndProject
Project("{2150E333-8FDC-42A3-9474-1A3956D46DE8}") = "wpf", "wpf", "{53F78F6D-A2D0-41D5-8A81-7D71C5763249}"
EndProject
Project("{9A19103F-16F7-4668-BE54-9A1E7A4F7556}") = "AnywhereUI.FrameworkForwarder", "src\wpf\AnywhereUI.FrameworkForwarder\AnywhereUI.FrameworkForwarder.csproj", "{29322FD8-3BA2-47E3-A8D9-E9C918979670}"
EndProject
Project("{9A19103F-16F7-4668-BE54-9A1E7A4F7556}") = "AnywhereUI.CommonTypes", "src\AnywhereUI.CommonTypes\AnywhereUI.CommonTypes.csproj", "{045EF11F-5494-426E-B7B3-660F1FCF23D5}"
EndProject
Project("{9A19103F-16F7-4668-BE54-9A1E7A4F7556}") = "AnywhereUI.Wpf", "src\wpf\AnywhereUI.Wpf\AnywhereUI.Wpf.csproj", "{E289961D-B4F4-4368-9402-A0057A009122}"
EndProject
Project("{9A19103F-16F7-4668-BE54-9A1E7A4F7556}") = "AnywhereUI.FrameworkForwarderStub", "src\AnywhereUI.FrameworkForwarderStub\AnywhereUI.FrameworkForwarderStub.csproj", "{1DF10122-622E-4A4C-93C7-6172997D8332}"
EndProject
Project("{2150E333-8FDC-42A3-9474-1A3956D46DE8}") = "maui", "maui", "{3EF85AAC-0972-46C4-BABE-FF568E7A9BE7}"
EndProject
Project("{9A19103F-16F7-4668-BE54-9A1E7A4F7556}") = "AnywhereUI.Maui", "src\maui\AnywhereUI.Maui\AnywhereUI.Maui.csproj", "{069C0BDF-E992-443B-A1C0-216F18216BFE}"
EndProject
Project("{9A19103F-16F7-4668-BE54-9A1E7A4F7556}") = "AnywhereUI.FrameworkForwarder", "src\maui\AnywhereUI.FrameworkForwarder\AnywhereUI.FrameworkForwarder.csproj", "{73A019ED-4595-4E33-A95A-F502071E32D7}"
EndProject
Project("{2150E333-8FDC-42A3-9474-1A3956D46DE8}") = "example-framework", "example-framework", "{C58E6DED-A59F-410B-96D9-BC7A30958BCC}"
EndProject
Project("{9A19103F-16F7-4668-BE54-9A1E7A4F7556}") = "ExampleFramework", "..\example-framework\src\ExampleFramework\ExampleFramework.csproj", "{CB2C4140-E5A0-4D6F-A31B-6358B217998A}"
EndProject
Project("{9A19103F-16F7-4668-BE54-9A1E7A4F7556}") = "ExampleFramework.Tooling", "..\example-framework\src\ExampleFramework.Tooling\ExampleFramework.Tooling.csproj", "{DADC2D93-6564-4097-BFFF-6E6922D4A10E}"
EndProject
Project("{9A19103F-16F7-4668-BE54-9A1E7A4F7556}") = "VisualTestUtils.AppConnector", "..\example-framework\src\visual-test-utils\VisualTestUtils.AppConnector\VisualTestUtils.AppConnector.csproj", "{4C2A5126-48C6-4FD4-8595-1DB1D0A059C8}"
EndProject
Project("{9A19103F-16F7-4668-BE54-9A1E7A4F7556}") = "VisualTestUtils", "..\example-framework\src\visual-test-utils\VisualTestUtils\VisualTestUtils.csproj", "{1582DD9A-A487-4B52-8C4C-5472A719E147}"
EndProject
Global
	GlobalSection(SolutionConfigurationPlatforms) = preSolution
		Debug|Any CPU = Debug|Any CPU
		Release|Any CPU = Release|Any CPU
	EndGlobalSection
	GlobalSection(ProjectConfigurationPlatforms) = postSolution
		{752F4208-8318-4C57-9868-9921FF743AA9}.Debug|Any CPU.ActiveCfg = Debug|Any CPU
		{752F4208-8318-4C57-9868-9921FF743AA9}.Debug|Any CPU.Build.0 = Debug|Any CPU
		{752F4208-8318-4C57-9868-9921FF743AA9}.Release|Any CPU.ActiveCfg = Release|Any CPU
		{752F4208-8318-4C57-9868-9921FF743AA9}.Release|Any CPU.Build.0 = Release|Any CPU
		{740943F5-2E99-4ED4-9022-BC14F480C3F8}.Debug|Any CPU.ActiveCfg = Debug|Any CPU
		{740943F5-2E99-4ED4-9022-BC14F480C3F8}.Debug|Any CPU.Build.0 = Debug|Any CPU
		{740943F5-2E99-4ED4-9022-BC14F480C3F8}.Release|Any CPU.ActiveCfg = Release|Any CPU
		{740943F5-2E99-4ED4-9022-BC14F480C3F8}.Release|Any CPU.Build.0 = Release|Any CPU
		{26E564DA-4315-44EF-B287-A9B3BC87BF1C}.Debug|Any CPU.ActiveCfg = Debug|Any CPU
		{26E564DA-4315-44EF-B287-A9B3BC87BF1C}.Debug|Any CPU.Build.0 = Debug|Any CPU
		{26E564DA-4315-44EF-B287-A9B3BC87BF1C}.Release|Any CPU.ActiveCfg = Release|Any CPU
		{26E564DA-4315-44EF-B287-A9B3BC87BF1C}.Release|Any CPU.Build.0 = Release|Any CPU
		{BF454D87-C790-4E9E-8E32-772DF3CA65BF}.Debug|Any CPU.ActiveCfg = Debug|Any CPU
		{BF454D87-C790-4E9E-8E32-772DF3CA65BF}.Debug|Any CPU.Build.0 = Debug|Any CPU
		{BF454D87-C790-4E9E-8E32-772DF3CA65BF}.Release|Any CPU.ActiveCfg = Release|Any CPU
		{BF454D87-C790-4E9E-8E32-772DF3CA65BF}.Release|Any CPU.Build.0 = Release|Any CPU
		{8E651CB1-4524-4A5B-A47C-C1A51C73C775}.Debug|Any CPU.ActiveCfg = Debug|Any CPU
		{8E651CB1-4524-4A5B-A47C-C1A51C73C775}.Debug|Any CPU.Build.0 = Debug|Any CPU
		{8E651CB1-4524-4A5B-A47C-C1A51C73C775}.Release|Any CPU.ActiveCfg = Release|Any CPU
		{8E651CB1-4524-4A5B-A47C-C1A51C73C775}.Release|Any CPU.Build.0 = Release|Any CPU
		{5890241C-A3EF-4CEE-BA67-BA4EFD57E80C}.Debug|Any CPU.ActiveCfg = Debug|Any CPU
		{5890241C-A3EF-4CEE-BA67-BA4EFD57E80C}.Debug|Any CPU.Build.0 = Debug|Any CPU
		{5890241C-A3EF-4CEE-BA67-BA4EFD57E80C}.Debug|Any CPU.Deploy.0 = Debug|Any CPU
		{5890241C-A3EF-4CEE-BA67-BA4EFD57E80C}.Release|Any CPU.ActiveCfg = Release|Any CPU
		{5890241C-A3EF-4CEE-BA67-BA4EFD57E80C}.Release|Any CPU.Build.0 = Release|Any CPU
		{5890241C-A3EF-4CEE-BA67-BA4EFD57E80C}.Release|Any CPU.Deploy.0 = Release|Any CPU
		{CFF4EEBA-0EA7-49D1-B4F2-17DF640F2174}.Debug|Any CPU.ActiveCfg = Debug|Any CPU
		{CFF4EEBA-0EA7-49D1-B4F2-17DF640F2174}.Debug|Any CPU.Build.0 = Debug|Any CPU
		{CFF4EEBA-0EA7-49D1-B4F2-17DF640F2174}.Release|Any CPU.ActiveCfg = Release|Any CPU
		{CFF4EEBA-0EA7-49D1-B4F2-17DF640F2174}.Release|Any CPU.Build.0 = Release|Any CPU
		{66AC78D8-0A73-41FC-925C-E2840EA2639F}.Debug|Any CPU.ActiveCfg = Debug|Any CPU
		{66AC78D8-0A73-41FC-925C-E2840EA2639F}.Debug|Any CPU.Build.0 = Debug|Any CPU
		{66AC78D8-0A73-41FC-925C-E2840EA2639F}.Release|Any CPU.ActiveCfg = Release|Any CPU
		{66AC78D8-0A73-41FC-925C-E2840EA2639F}.Release|Any CPU.Build.0 = Release|Any CPU
		{29322FD8-3BA2-47E3-A8D9-E9C918979670}.Debug|Any CPU.ActiveCfg = Debug|Any CPU
		{29322FD8-3BA2-47E3-A8D9-E9C918979670}.Debug|Any CPU.Build.0 = Debug|Any CPU
		{29322FD8-3BA2-47E3-A8D9-E9C918979670}.Release|Any CPU.ActiveCfg = Release|Any CPU
		{29322FD8-3BA2-47E3-A8D9-E9C918979670}.Release|Any CPU.Build.0 = Release|Any CPU
		{045EF11F-5494-426E-B7B3-660F1FCF23D5}.Debug|Any CPU.ActiveCfg = Debug|Any CPU
		{045EF11F-5494-426E-B7B3-660F1FCF23D5}.Debug|Any CPU.Build.0 = Debug|Any CPU
		{045EF11F-5494-426E-B7B3-660F1FCF23D5}.Release|Any CPU.ActiveCfg = Release|Any CPU
		{045EF11F-5494-426E-B7B3-660F1FCF23D5}.Release|Any CPU.Build.0 = Release|Any CPU
		{E289961D-B4F4-4368-9402-A0057A009122}.Debug|Any CPU.ActiveCfg = Debug|Any CPU
		{E289961D-B4F4-4368-9402-A0057A009122}.Debug|Any CPU.Build.0 = Debug|Any CPU
		{E289961D-B4F4-4368-9402-A0057A009122}.Release|Any CPU.ActiveCfg = Release|Any CPU
		{E289961D-B4F4-4368-9402-A0057A009122}.Release|Any CPU.Build.0 = Release|Any CPU
		{1DF10122-622E-4A4C-93C7-6172997D8332}.Debug|Any CPU.ActiveCfg = Debug|Any CPU
		{1DF10122-622E-4A4C-93C7-6172997D8332}.Debug|Any CPU.Build.0 = Debug|Any CPU
		{1DF10122-622E-4A4C-93C7-6172997D8332}.Release|Any CPU.ActiveCfg = Release|Any CPU
		{1DF10122-622E-4A4C-93C7-6172997D8332}.Release|Any CPU.Build.0 = Release|Any CPU
		{069C0BDF-E992-443B-A1C0-216F18216BFE}.Debug|Any CPU.ActiveCfg = Debug|Any CPU
		{069C0BDF-E992-443B-A1C0-216F18216BFE}.Debug|Any CPU.Build.0 = Debug|Any CPU
		{069C0BDF-E992-443B-A1C0-216F18216BFE}.Release|Any CPU.ActiveCfg = Release|Any CPU
		{069C0BDF-E992-443B-A1C0-216F18216BFE}.Release|Any CPU.Build.0 = Release|Any CPU
		{73A019ED-4595-4E33-A95A-F502071E32D7}.Debug|Any CPU.ActiveCfg = Debug|Any CPU
		{73A019ED-4595-4E33-A95A-F502071E32D7}.Debug|Any CPU.Build.0 = Debug|Any CPU
		{73A019ED-4595-4E33-A95A-F502071E32D7}.Release|Any CPU.ActiveCfg = Release|Any CPU
		{73A019ED-4595-4E33-A95A-F502071E32D7}.Release|Any CPU.Build.0 = Release|Any CPU
		{CB2C4140-E5A0-4D6F-A31B-6358B217998A}.Debug|Any CPU.ActiveCfg = Debug|Any CPU
		{CB2C4140-E5A0-4D6F-A31B-6358B217998A}.Debug|Any CPU.Build.0 = Debug|Any CPU
		{CB2C4140-E5A0-4D6F-A31B-6358B217998A}.Release|Any CPU.ActiveCfg = Release|Any CPU
		{CB2C4140-E5A0-4D6F-A31B-6358B217998A}.Release|Any CPU.Build.0 = Release|Any CPU
		{DADC2D93-6564-4097-BFFF-6E6922D4A10E}.Debug|Any CPU.ActiveCfg = Debug|Any CPU
		{DADC2D93-6564-4097-BFFF-6E6922D4A10E}.Debug|Any CPU.Build.0 = Debug|Any CPU
		{DADC2D93-6564-4097-BFFF-6E6922D4A10E}.Release|Any CPU.ActiveCfg = Release|Any CPU
		{DADC2D93-6564-4097-BFFF-6E6922D4A10E}.Release|Any CPU.Build.0 = Release|Any CPU
		{4C2A5126-48C6-4FD4-8595-1DB1D0A059C8}.Debug|Any CPU.ActiveCfg = Debug|Any CPU
		{4C2A5126-48C6-4FD4-8595-1DB1D0A059C8}.Debug|Any CPU.Build.0 = Debug|Any CPU
		{4C2A5126-48C6-4FD4-8595-1DB1D0A059C8}.Release|Any CPU.ActiveCfg = Release|Any CPU
		{4C2A5126-48C6-4FD4-8595-1DB1D0A059C8}.Release|Any CPU.Build.0 = Release|Any CPU
		{1582DD9A-A487-4B52-8C4C-5472A719E147}.Debug|Any CPU.ActiveCfg = Debug|Any CPU
		{1582DD9A-A487-4B52-8C4C-5472A719E147}.Debug|Any CPU.Build.0 = Debug|Any CPU
		{1582DD9A-A487-4B52-8C4C-5472A719E147}.Release|Any CPU.ActiveCfg = Release|Any CPU
		{1582DD9A-A487-4B52-8C4C-5472A719E147}.Release|Any CPU.Build.0 = Release|Any CPU
	EndGlobalSection
	GlobalSection(SolutionProperties) = preSolution
		HideSolutionNode = FALSE
	EndGlobalSection
	GlobalSection(NestedProjects) = preSolution
		{9FA8F699-79F5-48DB-A2D9-717CE875C5F0} = {9B71283D-A4A6-480E-9A9B-AD446F08CCC5}
		{BF454D87-C790-4E9E-8E32-772DF3CA65BF} = {9FA8F699-79F5-48DB-A2D9-717CE875C5F0}
		{63D6491B-37EA-4F36-8B9D-2AD526F74BB8} = {9B71283D-A4A6-480E-9A9B-AD446F08CCC5}
		{8E651CB1-4524-4A5B-A47C-C1A51C73C775} = {63D6491B-37EA-4F36-8B9D-2AD526F74BB8}
		{5890241C-A3EF-4CEE-BA67-BA4EFD57E80C} = {63D6491B-37EA-4F36-8B9D-2AD526F74BB8}
		{CFF4EEBA-0EA7-49D1-B4F2-17DF640F2174} = {9FA8F699-79F5-48DB-A2D9-717CE875C5F0}
		{66AC78D8-0A73-41FC-925C-E2840EA2639F} = {705D949C-2C10-46AD-9007-37E62BC8FA7A}
		{29322FD8-3BA2-47E3-A8D9-E9C918979670} = {53F78F6D-A2D0-41D5-8A81-7D71C5763249}
		{E289961D-B4F4-4368-9402-A0057A009122} = {53F78F6D-A2D0-41D5-8A81-7D71C5763249}
		{069C0BDF-E992-443B-A1C0-216F18216BFE} = {3EF85AAC-0972-46C4-BABE-FF568E7A9BE7}
		{73A019ED-4595-4E33-A95A-F502071E32D7} = {3EF85AAC-0972-46C4-BABE-FF568E7A9BE7}
		{CB2C4140-E5A0-4D6F-A31B-6358B217998A} = {C58E6DED-A59F-410B-96D9-BC7A30958BCC}
		{DADC2D93-6564-4097-BFFF-6E6922D4A10E} = {C58E6DED-A59F-410B-96D9-BC7A30958BCC}
		{4C2A5126-48C6-4FD4-8595-1DB1D0A059C8} = {C58E6DED-A59F-410B-96D9-BC7A30958BCC}
		{1582DD9A-A487-4B52-8C4C-5472A719E147} = {C58E6DED-A59F-410B-96D9-BC7A30958BCC}
	EndGlobalSection
	GlobalSection(ExtensibilityGlobals) = postSolution
		SolutionGuid = {5981247F-FDA6-460F-8B83-6AFBEE114226}
	EndGlobalSection
EndGlobal
